
Microsoft Visual Studio Solution File, Format Version 12.00
# Visual Studio Version 16
VisualStudioVersion = 16.0.29806.167
MinimumVisualStudioVersion = 10.0.40219.1
Project("{9A19103F-16F7-4668-BE54-9A1E7A4F7556}") = "TeleMedicine.WebAPI", "TeleMedicine.WebAPI\TeleMedicine.WebAPI.csproj", "{5A3BD808-686D-47EB-AA57-FCF5BB7654D4}"
EndProject
Project("{9A19103F-16F7-4668-BE54-9A1E7A4F7556}") = "Telemedicine.Service", "Telemedicine.Service\Telemedicine.Service.csproj", "{1696A9D5-2796-4110-ADB1-60ED7AE35D63}"
EndProject
Project("{FAE04EC0-301F-11D3-BF4B-00C04F79EFBC}") = "TelemedicineTest", "TelemedicineTest\TelemedicineTest.csproj", "{848D53A0-A5D8-4CC8-A992-53264DA0716E}"
EndProject
Global
	GlobalSection(SolutionConfigurationPlatforms) = preSolution
		Debug|Any CPU = Debug|Any CPU
		Release|Any CPU = Release|Any CPU
	EndGlobalSection
	GlobalSection(ProjectConfigurationPlatforms) = postSolution
		{5A3BD808-686D-47EB-AA57-FCF5BB7654D4}.Debug|Any CPU.ActiveCfg = Debug|Any CPU
		{5A3BD808-686D-47EB-AA57-FCF5BB7654D4}.Debug|Any CPU.Build.0 = Debug|Any CPU
		{5A3BD808-686D-47EB-AA57-FCF5BB7654D4}.Release|Any CPU.ActiveCfg = Release|Any CPU
		{5A3BD808-686D-47EB-AA57-FCF5BB7654D4}.Release|Any CPU.Build.0 = Release|Any CPU
		{1696A9D5-2796-4110-ADB1-60ED7AE35D63}.Debug|Any CPU.ActiveCfg = Debug|Any CPU
		{1696A9D5-2796-4110-ADB1-60ED7AE35D63}.Debug|Any CPU.Build.0 = Debug|Any CPU
		{1696A9D5-2796-4110-ADB1-60ED7AE35D63}.Release|Any CPU.ActiveCfg = Release|Any CPU
		{1696A9D5-2796-4110-ADB1-60ED7AE35D63}.Release|Any CPU.Build.0 = Release|Any CPU
		{848D53A0-A5D8-4CC8-A992-53264DA0716E}.Debug|Any CPU.ActiveCfg = Debug|Any CPU
		{848D53A0-A5D8-4CC8-A992-53264DA0716E}.Debug|Any CPU.Build.0 = Debug|Any CPU
		{848D53A0-A5D8-4CC8-A992-53264DA0716E}.Release|Any CPU.ActiveCfg = Release|Any CPU
		{848D53A0-A5D8-4CC8-A992-53264DA0716E}.Release|Any CPU.Build.0 = Release|Any CPU
	EndGlobalSection
	GlobalSection(SolutionProperties) = preSolution
		HideSolutionNode = FALSE
	EndGlobalSection
	GlobalSection(ExtensibilityGlobals) = postSolution
		SolutionGuid = {BDD424CB-95C8-4B35-9B53-A646741F4FEA}
	EndGlobalSection
EndGlobal
