
Microsoft Visual Studio Solution File, Format Version 12.00
# Visual Studio Version 16
VisualStudioVersion = 16.0.29806.167
MinimumVisualStudioVersion = 10.0.40219.1
Project("{9A19103F-16F7-4668-BE54-9A1E7A4F7556}") = "TeleMedicine.WebAPI", "TeleMedicine.WebAPI\TeleMedicine.WebAPI.csproj", "{ECB12C49-EA9E-4C9E-9EE2-485FAAEBA6D7}"
EndProject
Project("{9A19103F-16F7-4668-BE54-9A1E7A4F7556}") = "Telemedicine.Service", "Telemedicine.Service\Telemedicine.Service.csproj", "{694FCA6C-DCD5-45A6-89DE-399868F0EE95}"
EndProject
Project("{9A19103F-16F7-4668-BE54-9A1E7A4F7556}") = "Authorize.Net_DotNet_Core", "Net.Authorize_DotNetCore\Authorize.Net_DotNet_Core.csproj", "{4826983E-ABCB-46A3-BA50-18B6DB617D7F}"
EndProject
Project("{FAE04EC0-301F-11D3-BF4B-00C04F79EFBC}") = "Testmedicine.Testing", "Testmedicine.Testing\Testmedicine.Testing.csproj", "{CE445EA5-4070-4855-A30F-4F24097478A2}"
EndProject
Global
	GlobalSection(SolutionConfigurationPlatforms) = preSolution
		Debug|Any CPU = Debug|Any CPU
		Release|Any CPU = Release|Any CPU
	EndGlobalSection
	GlobalSection(ProjectConfigurationPlatforms) = postSolution
		{ECB12C49-EA9E-4C9E-9EE2-485FAAEBA6D7}.Debug|Any CPU.ActiveCfg = Debug|Any CPU
		{ECB12C49-EA9E-4C9E-9EE2-485FAAEBA6D7}.Debug|Any CPU.Build.0 = Debug|Any CPU
		{ECB12C49-EA9E-4C9E-9EE2-485FAAEBA6D7}.Release|Any CPU.ActiveCfg = Release|Any CPU
		{ECB12C49-EA9E-4C9E-9EE2-485FAAEBA6D7}.Release|Any CPU.Build.0 = Release|Any CPU
		{694FCA6C-DCD5-45A6-89DE-399868F0EE95}.Debug|Any CPU.ActiveCfg = Debug|Any CPU
		{694FCA6C-DCD5-45A6-89DE-399868F0EE95}.Debug|Any CPU.Build.0 = Debug|Any CPU
		{694FCA6C-DCD5-45A6-89DE-399868F0EE95}.Release|Any CPU.ActiveCfg = Release|Any CPU
		{694FCA6C-DCD5-45A6-89DE-399868F0EE95}.Release|Any CPU.Build.0 = Release|Any CPU
		{4826983E-ABCB-46A3-BA50-18B6DB617D7F}.Debug|Any CPU.ActiveCfg = Debug|Any CPU
		{4826983E-ABCB-46A3-BA50-18B6DB617D7F}.Debug|Any CPU.Build.0 = Debug|Any CPU
		{4826983E-ABCB-46A3-BA50-18B6DB617D7F}.Release|Any CPU.ActiveCfg = Release|Any CPU
		{4826983E-ABCB-46A3-BA50-18B6DB617D7F}.Release|Any CPU.Build.0 = Release|Any CPU
		{CE445EA5-4070-4855-A30F-4F24097478A2}.Debug|Any CPU.ActiveCfg = Debug|Any CPU
		{CE445EA5-4070-4855-A30F-4F24097478A2}.Debug|Any CPU.Build.0 = Debug|Any CPU
		{CE445EA5-4070-4855-A30F-4F24097478A2}.Release|Any CPU.ActiveCfg = Release|Any CPU
		{CE445EA5-4070-4855-A30F-4F24097478A2}.Release|Any CPU.Build.0 = Release|Any CPU
	EndGlobalSection
	GlobalSection(SolutionProperties) = preSolution
		HideSolutionNode = FALSE
	EndGlobalSection
	GlobalSection(ExtensibilityGlobals) = postSolution
		SolutionGuid = {BDD424CB-95C8-4B35-9B53-A646741F4FEA}
	EndGlobalSection
EndGlobal
